// !$*UTF8*$!
{
	archiveVersion = 1;
	classes = {
	};
	objectVersion = 50;
	objects = {

/* Begin PBXBuildFile section */
		3C7667D957204DAE8FB47E67 /* Pods_Car_Wash_ReminderTests.framework in Frameworks */ = {isa = PBXBuildFile; fileRef = 5308672AFA4C339F07A458C6 /* Pods_Car_Wash_ReminderTests.framework */; };
		4DA2F90CB06E8BC3C6E63298 /* Pods_Car_Wash_Reminder.framework in Frameworks */ = {isa = PBXBuildFile; fileRef = B12F311D5EDF3B4F0C10C8F4 /* Pods_Car_Wash_Reminder.framework */; };
		B56DBD75216F71A900E0FAFD /* ForecastViewController.swift in Sources */ = {isa = PBXBuildFile; fileRef = B56DBD74216F71A900E0FAFD /* ForecastViewController.swift */; };
		B56DBD77216F71E500E0FAFD /* WeatherData.swift in Sources */ = {isa = PBXBuildFile; fileRef = B56DBD76216F71E500E0FAFD /* WeatherData.swift */; };
		B56DBD79216F720400E0FAFD /* ForecastWeatherData.swift in Sources */ = {isa = PBXBuildFile; fileRef = B56DBD78216F720400E0FAFD /* ForecastWeatherData.swift */; };
		B573C718216B80B400754AA6 /* AppDelegate.swift in Sources */ = {isa = PBXBuildFile; fileRef = B573C717216B80B400754AA6 /* AppDelegate.swift */; };
		B573C71D216B80B400754AA6 /* Main.storyboard in Resources */ = {isa = PBXBuildFile; fileRef = B573C71B216B80B400754AA6 /* Main.storyboard */; };
		B573C71F216B80B600754AA6 /* Assets.xcassets in Resources */ = {isa = PBXBuildFile; fileRef = B573C71E216B80B600754AA6 /* Assets.xcassets */; };
		B573C722216B80B600754AA6 /* LaunchScreen.storyboard in Resources */ = {isa = PBXBuildFile; fileRef = B573C720216B80B600754AA6 /* LaunchScreen.storyboard */; };
		B573C72D216B80B600754AA6 /* Car_Wash_ReminderTests.swift in Sources */ = {isa = PBXBuildFile; fileRef = B573C72C216B80B600754AA6 /* Car_Wash_ReminderTests.swift */; };
		B573C738216B80B600754AA6 /* Car_Wash_ReminderUITests.swift in Sources */ = {isa = PBXBuildFile; fileRef = B573C737216B80B600754AA6 /* Car_Wash_ReminderUITests.swift */; };
		B573C783216B956400754AA6 /* Logic.swift in Sources */ = {isa = PBXBuildFile; fileRef = B573C782216B956400754AA6 /* Logic.swift */; };
		B58A530A216E017E00184750 /* User.swift in Sources */ = {isa = PBXBuildFile; fileRef = B58A5309216E017E00184750 /* User.swift */; };
		B58A530C216E28E100184750 /* Car.swift in Sources */ = {isa = PBXBuildFile; fileRef = B58A530B216E28E100184750 /* Car.swift */; };
		B58A5314216E4A7600184750 /* WeatherViewController.swift in Sources */ = {isa = PBXBuildFile; fileRef = B58A5313216E4A7600184750 /* WeatherViewController.swift */; };
		B58A5316216E4A9100184750 /* ChangeCityViewController.swift in Sources */ = {isa = PBXBuildFile; fileRef = B58A5315216E4A9100184750 /* ChangeCityViewController.swift */; };
		B58BD94D216C97990049E14F /* HomeViewController.swift in Sources */ = {isa = PBXBuildFile; fileRef = B58BD94C216C97990049E14F /* HomeViewController.swift */; };
		B98595E24EE17793F3FDCE4F /* Pods_Car_Wash_ReminderUITests.framework in Frameworks */ = {isa = PBXBuildFile; fileRef = 60A825E9723537B9CE073E95 /* Pods_Car_Wash_ReminderUITests.framework */; };
/* End PBXBuildFile section */

/* Begin PBXContainerItemProxy section */
		B573C729216B80B600754AA6 /* PBXContainerItemProxy */ = {
			isa = PBXContainerItemProxy;
			containerPortal = B573C70C216B80B400754AA6 /* Project object */;
			proxyType = 1;
			remoteGlobalIDString = B573C713216B80B400754AA6;
			remoteInfo = "Car Wash Reminder";
		};
		B573C734216B80B600754AA6 /* PBXContainerItemProxy */ = {
			isa = PBXContainerItemProxy;
			containerPortal = B573C70C216B80B400754AA6 /* Project object */;
			proxyType = 1;
			remoteGlobalIDString = B573C713216B80B400754AA6;
			remoteInfo = "Car Wash Reminder";
		};
/* End PBXContainerItemProxy section */

/* Begin PBXFileReference section */
		027F4229EE15C767E3CA2EE1 /* Pods-Car Wash Reminder.debug.xcconfig */ = {isa = PBXFileReference; includeInIndex = 1; lastKnownFileType = text.xcconfig; name = "Pods-Car Wash Reminder.debug.xcconfig"; path = "Pods/Target Support Files/Pods-Car Wash Reminder/Pods-Car Wash Reminder.debug.xcconfig"; sourceTree = "<group>"; };
		3E1DC38F8E59E77631F7ECA6 /* Pods-Car Wash ReminderUITests.release.xcconfig */ = {isa = PBXFileReference; includeInIndex = 1; lastKnownFileType = text.xcconfig; name = "Pods-Car Wash ReminderUITests.release.xcconfig"; path = "Pods/Target Support Files/Pods-Car Wash ReminderUITests/Pods-Car Wash ReminderUITests.release.xcconfig"; sourceTree = "<group>"; };
		5308672AFA4C339F07A458C6 /* Pods_Car_Wash_ReminderTests.framework */ = {isa = PBXFileReference; explicitFileType = wrapper.framework; includeInIndex = 0; path = Pods_Car_Wash_ReminderTests.framework; sourceTree = BUILT_PRODUCTS_DIR; };
		60A825E9723537B9CE073E95 /* Pods_Car_Wash_ReminderUITests.framework */ = {isa = PBXFileReference; explicitFileType = wrapper.framework; includeInIndex = 0; path = Pods_Car_Wash_ReminderUITests.framework; sourceTree = BUILT_PRODUCTS_DIR; };
		62B9C87CB4391E391BA2A4B7 /* Pods-Car Wash ReminderTests.debug.xcconfig */ = {isa = PBXFileReference; includeInIndex = 1; lastKnownFileType = text.xcconfig; name = "Pods-Car Wash ReminderTests.debug.xcconfig"; path = "Pods/Target Support Files/Pods-Car Wash ReminderTests/Pods-Car Wash ReminderTests.debug.xcconfig"; sourceTree = "<group>"; };
		69B94CEC089AB79552191862 /* Pods-Car Wash ReminderTests.release.xcconfig */ = {isa = PBXFileReference; includeInIndex = 1; lastKnownFileType = text.xcconfig; name = "Pods-Car Wash ReminderTests.release.xcconfig"; path = "Pods/Target Support Files/Pods-Car Wash ReminderTests/Pods-Car Wash ReminderTests.release.xcconfig"; sourceTree = "<group>"; };
		B12F311D5EDF3B4F0C10C8F4 /* Pods_Car_Wash_Reminder.framework */ = {isa = PBXFileReference; explicitFileType = wrapper.framework; includeInIndex = 0; path = Pods_Car_Wash_Reminder.framework; sourceTree = BUILT_PRODUCTS_DIR; };
		B56DBD74216F71A900E0FAFD /* ForecastViewController.swift */ = {isa = PBXFileReference; lastKnownFileType = sourcecode.swift; path = ForecastViewController.swift; sourceTree = "<group>"; };
		B56DBD76216F71E500E0FAFD /* WeatherData.swift */ = {isa = PBXFileReference; lastKnownFileType = sourcecode.swift; path = WeatherData.swift; sourceTree = "<group>"; };
		B56DBD78216F720400E0FAFD /* ForecastWeatherData.swift */ = {isa = PBXFileReference; lastKnownFileType = sourcecode.swift; path = ForecastWeatherData.swift; sourceTree = "<group>"; };
		B573C714216B80B400754AA6 /* Car Wash Reminder.app */ = {isa = PBXFileReference; explicitFileType = wrapper.application; includeInIndex = 0; path = "Car Wash Reminder.app"; sourceTree = BUILT_PRODUCTS_DIR; };
		B573C717216B80B400754AA6 /* AppDelegate.swift */ = {isa = PBXFileReference; lastKnownFileType = sourcecode.swift; path = AppDelegate.swift; sourceTree = "<group>"; };
		B573C71C216B80B400754AA6 /* Base */ = {isa = PBXFileReference; lastKnownFileType = file.storyboard; name = Base; path = Base.lproj/Main.storyboard; sourceTree = "<group>"; };
		B573C71E216B80B600754AA6 /* Assets.xcassets */ = {isa = PBXFileReference; lastKnownFileType = folder.assetcatalog; path = Assets.xcassets; sourceTree = "<group>"; };
		B573C721216B80B600754AA6 /* Base */ = {isa = PBXFileReference; lastKnownFileType = file.storyboard; name = Base; path = Base.lproj/LaunchScreen.storyboard; sourceTree = "<group>"; };
		B573C723216B80B600754AA6 /* Info.plist */ = {isa = PBXFileReference; lastKnownFileType = text.plist.xml; path = Info.plist; sourceTree = "<group>"; };
		B573C728216B80B600754AA6 /* Car Wash ReminderTests.xctest */ = {isa = PBXFileReference; explicitFileType = wrapper.cfbundle; includeInIndex = 0; path = "Car Wash ReminderTests.xctest"; sourceTree = BUILT_PRODUCTS_DIR; };
		B573C72C216B80B600754AA6 /* Car_Wash_ReminderTests.swift */ = {isa = PBXFileReference; lastKnownFileType = sourcecode.swift; path = Car_Wash_ReminderTests.swift; sourceTree = "<group>"; };
		B573C72E216B80B600754AA6 /* Info.plist */ = {isa = PBXFileReference; lastKnownFileType = text.plist.xml; path = Info.plist; sourceTree = "<group>"; };
		B573C733216B80B600754AA6 /* Car Wash ReminderUITests.xctest */ = {isa = PBXFileReference; explicitFileType = wrapper.cfbundle; includeInIndex = 0; path = "Car Wash ReminderUITests.xctest"; sourceTree = BUILT_PRODUCTS_DIR; };
		B573C737216B80B600754AA6 /* Car_Wash_ReminderUITests.swift */ = {isa = PBXFileReference; lastKnownFileType = sourcecode.swift; path = Car_Wash_ReminderUITests.swift; sourceTree = "<group>"; };
		B573C739216B80B600754AA6 /* Info.plist */ = {isa = PBXFileReference; lastKnownFileType = text.plist.xml; path = Info.plist; sourceTree = "<group>"; };
		B573C782216B956400754AA6 /* Logic.swift */ = {isa = PBXFileReference; lastKnownFileType = sourcecode.swift; path = Logic.swift; sourceTree = "<group>"; };
		B58A5309216E017E00184750 /* User.swift */ = {isa = PBXFileReference; lastKnownFileType = sourcecode.swift; path = User.swift; sourceTree = "<group>"; };
		B58A530B216E28E100184750 /* Car.swift */ = {isa = PBXFileReference; lastKnownFileType = sourcecode.swift; path = Car.swift; sourceTree = "<group>"; };
		B58A5313216E4A7600184750 /* WeatherViewController.swift */ = {isa = PBXFileReference; lastKnownFileType = sourcecode.swift; path = WeatherViewController.swift; sourceTree = "<group>"; };
		B58A5315216E4A9100184750 /* ChangeCityViewController.swift */ = {isa = PBXFileReference; lastKnownFileType = sourcecode.swift; path = ChangeCityViewController.swift; sourceTree = "<group>"; };
		B58BD94C216C97990049E14F /* HomeViewController.swift */ = {isa = PBXFileReference; lastKnownFileType = sourcecode.swift; path = HomeViewController.swift; sourceTree = "<group>"; };
		D45007274A484B8866021403 /* Pods-Car Wash Reminder.release.xcconfig */ = {isa = PBXFileReference; includeInIndex = 1; lastKnownFileType = text.xcconfig; name = "Pods-Car Wash Reminder.release.xcconfig"; path = "Pods/Target Support Files/Pods-Car Wash Reminder/Pods-Car Wash Reminder.release.xcconfig"; sourceTree = "<group>"; };
		FC503CB61166EA8EBE291821 /* Pods-Car Wash ReminderUITests.debug.xcconfig */ = {isa = PBXFileReference; includeInIndex = 1; lastKnownFileType = text.xcconfig; name = "Pods-Car Wash ReminderUITests.debug.xcconfig"; path = "Pods/Target Support Files/Pods-Car Wash ReminderUITests/Pods-Car Wash ReminderUITests.debug.xcconfig"; sourceTree = "<group>"; };
/* End PBXFileReference section */

/* Begin PBXFrameworksBuildPhase section */
		B573C711216B80B400754AA6 /* Frameworks */ = {
			isa = PBXFrameworksBuildPhase;
			buildActionMask = 2147483647;
			files = (
				4DA2F90CB06E8BC3C6E63298 /* Pods_Car_Wash_Reminder.framework in Frameworks */,
			);
			runOnlyForDeploymentPostprocessing = 0;
		};
		B573C725216B80B600754AA6 /* Frameworks */ = {
			isa = PBXFrameworksBuildPhase;
			buildActionMask = 2147483647;
			files = (
				3C7667D957204DAE8FB47E67 /* Pods_Car_Wash_ReminderTests.framework in Frameworks */,
			);
			runOnlyForDeploymentPostprocessing = 0;
		};
		B573C730216B80B600754AA6 /* Frameworks */ = {
			isa = PBXFrameworksBuildPhase;
			buildActionMask = 2147483647;
			files = (
				B98595E24EE17793F3FDCE4F /* Pods_Car_Wash_ReminderUITests.framework in Frameworks */,
			);
			runOnlyForDeploymentPostprocessing = 0;
		};
/* End PBXFrameworksBuildPhase section */

/* Begin PBXGroup section */
		5655C819176A68822ABBE177 /* Frameworks */ = {
			isa = PBXGroup;
			children = (
				B12F311D5EDF3B4F0C10C8F4 /* Pods_Car_Wash_Reminder.framework */,
				5308672AFA4C339F07A458C6 /* Pods_Car_Wash_ReminderTests.framework */,
				60A825E9723537B9CE073E95 /* Pods_Car_Wash_ReminderUITests.framework */,
			);
			name = Frameworks;
			sourceTree = "<group>";
		};
		9423A395FF26BF02B2B1F9D4 /* Pods */ = {
			isa = PBXGroup;
			children = (
				027F4229EE15C767E3CA2EE1 /* Pods-Car Wash Reminder.debug.xcconfig */,
				D45007274A484B8866021403 /* Pods-Car Wash Reminder.release.xcconfig */,
				62B9C87CB4391E391BA2A4B7 /* Pods-Car Wash ReminderTests.debug.xcconfig */,
				69B94CEC089AB79552191862 /* Pods-Car Wash ReminderTests.release.xcconfig */,
				FC503CB61166EA8EBE291821 /* Pods-Car Wash ReminderUITests.debug.xcconfig */,
				3E1DC38F8E59E77631F7ECA6 /* Pods-Car Wash ReminderUITests.release.xcconfig */,
			);
			name = Pods;
			sourceTree = "<group>";
		};
		B573C70B216B80B400754AA6 = {
			isa = PBXGroup;
			children = (
				B573C716216B80B400754AA6 /* Car Wash Reminder */,
				B573C72B216B80B600754AA6 /* Car Wash ReminderTests */,
				B573C736216B80B600754AA6 /* Car Wash ReminderUITests */,
				B573C715216B80B400754AA6 /* Products */,
				9423A395FF26BF02B2B1F9D4 /* Pods */,
				5655C819176A68822ABBE177 /* Frameworks */,
			);
			sourceTree = "<group>";
		};
		B573C715216B80B400754AA6 /* Products */ = {
			isa = PBXGroup;
			children = (
				B573C714216B80B400754AA6 /* Car Wash Reminder.app */,
				B573C728216B80B600754AA6 /* Car Wash ReminderTests.xctest */,
				B573C733216B80B600754AA6 /* Car Wash ReminderUITests.xctest */,
			);
			name = Products;
			sourceTree = "<group>";
		};
		B573C716216B80B400754AA6 /* Car Wash Reminder */ = {
			isa = PBXGroup;
			children = (
				B573C747216B80CA00754AA6 /* Model */,
				B573C746216B80C600754AA6 /* View */,
				B573C745216B80BC00754AA6 /* Controller */,
				B573C71E216B80B600754AA6 /* Assets.xcassets */,
				B573C723216B80B600754AA6 /* Info.plist */,
				B573C717216B80B400754AA6 /* AppDelegate.swift */,
			);
			path = "Car Wash Reminder";
			sourceTree = "<group>";
		};
		B573C72B216B80B600754AA6 /* Car Wash ReminderTests */ = {
			isa = PBXGroup;
			children = (
				B573C72C216B80B600754AA6 /* Car_Wash_ReminderTests.swift */,
				B573C72E216B80B600754AA6 /* Info.plist */,
			);
			path = "Car Wash ReminderTests";
			sourceTree = "<group>";
		};
		B573C736216B80B600754AA6 /* Car Wash ReminderUITests */ = {
			isa = PBXGroup;
			children = (
				B573C737216B80B600754AA6 /* Car_Wash_ReminderUITests.swift */,
				B573C739216B80B600754AA6 /* Info.plist */,
			);
			path = "Car Wash ReminderUITests";
			sourceTree = "<group>";
		};
		B573C745216B80BC00754AA6 /* Controller */ = {
			isa = PBXGroup;
			children = (
				B58BD94C216C97990049E14F /* HomeViewController.swift */,
				B58A5313216E4A7600184750 /* WeatherViewController.swift */,
				B58A5315216E4A9100184750 /* ChangeCityViewController.swift */,
				B56DBD74216F71A900E0FAFD /* ForecastViewController.swift */,
			);
			path = Controller;
			sourceTree = "<group>";
		};
		B573C746216B80C600754AA6 /* View */ = {
			isa = PBXGroup;
			children = (
				B573C71B216B80B400754AA6 /* Main.storyboard */,
				B573C720216B80B600754AA6 /* LaunchScreen.storyboard */,
			);
			path = View;
			sourceTree = "<group>";
		};
		B573C747216B80CA00754AA6 /* Model */ = {
			isa = PBXGroup;
			children = (
				B573C782216B956400754AA6 /* Logic.swift */,
				B58A5309216E017E00184750 /* User.swift */,
				B58A530B216E28E100184750 /* Car.swift */,
				B56DBD76216F71E500E0FAFD /* WeatherData.swift */,
				B56DBD78216F720400E0FAFD /* ForecastWeatherData.swift */,
			);
			path = Model;
			sourceTree = "<group>";
		};
/* End PBXGroup section */

/* Begin PBXNativeTarget section */
		B573C713216B80B400754AA6 /* Car Wash Reminder */ = {
			isa = PBXNativeTarget;
			buildConfigurationList = B573C73C216B80B600754AA6 /* Build configuration list for PBXNativeTarget "Car Wash Reminder" */;
			buildPhases = (
				0605DA23D1A6681B5FB95AD9 /* [CP] Check Pods Manifest.lock */,
				B573C710216B80B400754AA6 /* Sources */,
				B573C711216B80B400754AA6 /* Frameworks */,
				B573C712216B80B400754AA6 /* Resources */,
				3F439F9E6C2804677D22035A /* [CP] Embed Pods Frameworks */,
			);
			buildRules = (
			);
			dependencies = (
			);
			name = "Car Wash Reminder";
			productName = "Car Wash Reminder";
			productReference = B573C714216B80B400754AA6 /* Car Wash Reminder.app */;
			productType = "com.apple.product-type.application";
		};
		B573C727216B80B600754AA6 /* Car Wash ReminderTests */ = {
			isa = PBXNativeTarget;
			buildConfigurationList = B573C73F216B80B600754AA6 /* Build configuration list for PBXNativeTarget "Car Wash ReminderTests" */;
			buildPhases = (
				ED2F9DC93893F310F70D4FC8 /* [CP] Check Pods Manifest.lock */,
				B573C724216B80B600754AA6 /* Sources */,
				B573C725216B80B600754AA6 /* Frameworks */,
				B573C726216B80B600754AA6 /* Resources */,
			);
			buildRules = (
			);
			dependencies = (
				B573C72A216B80B600754AA6 /* PBXTargetDependency */,
			);
			name = "Car Wash ReminderTests";
			productName = "Car Wash ReminderTests";
			productReference = B573C728216B80B600754AA6 /* Car Wash ReminderTests.xctest */;
			productType = "com.apple.product-type.bundle.unit-test";
		};
		B573C732216B80B600754AA6 /* Car Wash ReminderUITests */ = {
			isa = PBXNativeTarget;
			buildConfigurationList = B573C742216B80B600754AA6 /* Build configuration list for PBXNativeTarget "Car Wash ReminderUITests" */;
			buildPhases = (
				F3AE76B44FEFF0053394C398 /* [CP] Check Pods Manifest.lock */,
				B573C72F216B80B600754AA6 /* Sources */,
				B573C730216B80B600754AA6 /* Frameworks */,
				B573C731216B80B600754AA6 /* Resources */,
			);
			buildRules = (
			);
			dependencies = (
				B573C735216B80B600754AA6 /* PBXTargetDependency */,
			);
			name = "Car Wash ReminderUITests";
			productName = "Car Wash ReminderUITests";
			productReference = B573C733216B80B600754AA6 /* Car Wash ReminderUITests.xctest */;
			productType = "com.apple.product-type.bundle.ui-testing";
		};
/* End PBXNativeTarget section */

/* Begin PBXProject section */
		B573C70C216B80B400754AA6 /* Project object */ = {
			isa = PBXProject;
			attributes = {
				LastSwiftUpdateCheck = 1000;
				LastUpgradeCheck = 1000;
				ORGANIZATIONNAME = "Hanna Östling";
				TargetAttributes = {
					B573C713216B80B400754AA6 = {
						CreatedOnToolsVersion = 10.0;
						SystemCapabilities = {
							com.apple.BackgroundModes = {
								enabled = 1;
							};
						};
					};
					B573C727216B80B600754AA6 = {
						CreatedOnToolsVersion = 10.0;
						TestTargetID = B573C713216B80B400754AA6;
					};
					B573C732216B80B600754AA6 = {
						CreatedOnToolsVersion = 10.0;
						TestTargetID = B573C713216B80B400754AA6;
					};
				};
			};
			buildConfigurationList = B573C70F216B80B400754AA6 /* Build configuration list for PBXProject "Car Wash Reminder" */;
			compatibilityVersion = "Xcode 9.3";
			developmentRegion = en;
			hasScannedForEncodings = 0;
			knownRegions = (
				en,
				Base,
			);
			mainGroup = B573C70B216B80B400754AA6;
			productRefGroup = B573C715216B80B400754AA6 /* Products */;
			projectDirPath = "";
			projectRoot = "";
			targets = (
				B573C713216B80B400754AA6 /* Car Wash Reminder */,
				B573C727216B80B600754AA6 /* Car Wash ReminderTests */,
				B573C732216B80B600754AA6 /* Car Wash ReminderUITests */,
			);
		};
/* End PBXProject section */

/* Begin PBXResourcesBuildPhase section */
		B573C712216B80B400754AA6 /* Resources */ = {
			isa = PBXResourcesBuildPhase;
			buildActionMask = 2147483647;
			files = (
				B573C722216B80B600754AA6 /* LaunchScreen.storyboard in Resources */,
				B573C71F216B80B600754AA6 /* Assets.xcassets in Resources */,
				B573C71D216B80B400754AA6 /* Main.storyboard in Resources */,
			);
			runOnlyForDeploymentPostprocessing = 0;
		};
		B573C726216B80B600754AA6 /* Resources */ = {
			isa = PBXResourcesBuildPhase;
			buildActionMask = 2147483647;
			files = (
			);
			runOnlyForDeploymentPostprocessing = 0;
		};
		B573C731216B80B600754AA6 /* Resources */ = {
			isa = PBXResourcesBuildPhase;
			buildActionMask = 2147483647;
			files = (
			);
			runOnlyForDeploymentPostprocessing = 0;
		};
/* End PBXResourcesBuildPhase section */

/* Begin PBXShellScriptBuildPhase section */
		0605DA23D1A6681B5FB95AD9 /* [CP] Check Pods Manifest.lock */ = {
			isa = PBXShellScriptBuildPhase;
			buildActionMask = 2147483647;
			files = (
			);
			inputFileListPaths = (
			);
			inputPaths = (
				"${PODS_PODFILE_DIR_PATH}/Podfile.lock",
				"${PODS_ROOT}/Manifest.lock",
			);
			name = "[CP] Check Pods Manifest.lock";
			outputFileListPaths = (
			);
			outputPaths = (
				"$(DERIVED_FILE_DIR)/Pods-Car Wash Reminder-checkManifestLockResult.txt",
			);
			runOnlyForDeploymentPostprocessing = 0;
			shellPath = /bin/sh;
			shellScript = "diff \"${PODS_PODFILE_DIR_PATH}/Podfile.lock\" \"${PODS_ROOT}/Manifest.lock\" > /dev/null\nif [ $? != 0 ] ; then\n    # print error to STDERR\n    echo \"error: The sandbox is not in sync with the Podfile.lock. Run 'pod install' or update your CocoaPods installation.\" >&2\n    exit 1\nfi\n# This output is used by Xcode 'outputs' to avoid re-running this script phase.\necho \"SUCCESS\" > \"${SCRIPT_OUTPUT_FILE_0}\"\n";
			showEnvVarsInLog = 0;
		};
		3F439F9E6C2804677D22035A /* [CP] Embed Pods Frameworks */ = {
			isa = PBXShellScriptBuildPhase;
			buildActionMask = 2147483647;
			files = (
			);
			inputFileListPaths = (
			);
			inputPaths = (
				"${SRCROOT}/Pods/Target Support Files/Pods-Car Wash Reminder/Pods-Car Wash Reminder-frameworks.sh",
				"${BUILT_PRODUCTS_DIR}/Alamofire/Alamofire.framework",
				"${BUILT_PRODUCTS_DIR}/SwiftyJSON/SwiftyJSON.framework",
			);
			name = "[CP] Embed Pods Frameworks";
			outputFileListPaths = (
			);
			outputPaths = (
				"${TARGET_BUILD_DIR}/${FRAMEWORKS_FOLDER_PATH}/Alamofire.framework",
				"${TARGET_BUILD_DIR}/${FRAMEWORKS_FOLDER_PATH}/SwiftyJSON.framework",
			);
			runOnlyForDeploymentPostprocessing = 0;
			shellPath = /bin/sh;
			shellScript = "\"${SRCROOT}/Pods/Target Support Files/Pods-Car Wash Reminder/Pods-Car Wash Reminder-frameworks.sh\"\n";
			showEnvVarsInLog = 0;
		};
		ED2F9DC93893F310F70D4FC8 /* [CP] Check Pods Manifest.lock */ = {
			isa = PBXShellScriptBuildPhase;
			buildActionMask = 2147483647;
			files = (
			);
			inputFileListPaths = (
			);
			inputPaths = (
				"${PODS_PODFILE_DIR_PATH}/Podfile.lock",
				"${PODS_ROOT}/Manifest.lock",
			);
			name = "[CP] Check Pods Manifest.lock";
			outputFileListPaths = (
			);
			outputPaths = (
				"$(DERIVED_FILE_DIR)/Pods-Car Wash ReminderTests-checkManifestLockResult.txt",
			);
			runOnlyForDeploymentPostprocessing = 0;
			shellPath = /bin/sh;
			shellScript = "diff \"${PODS_PODFILE_DIR_PATH}/Podfile.lock\" \"${PODS_ROOT}/Manifest.lock\" > /dev/null\nif [ $? != 0 ] ; then\n    # print error to STDERR\n    echo \"error: The sandbox is not in sync with the Podfile.lock. Run 'pod install' or update your CocoaPods installation.\" >&2\n    exit 1\nfi\n# This output is used by Xcode 'outputs' to avoid re-running this script phase.\necho \"SUCCESS\" > \"${SCRIPT_OUTPUT_FILE_0}\"\n";
			showEnvVarsInLog = 0;
		};
		F3AE76B44FEFF0053394C398 /* [CP] Check Pods Manifest.lock */ = {
			isa = PBXShellScriptBuildPhase;
			buildActionMask = 2147483647;
			files = (
			);
			inputFileListPaths = (
			);
			inputPaths = (
				"${PODS_PODFILE_DIR_PATH}/Podfile.lock",
				"${PODS_ROOT}/Manifest.lock",
			);
			name = "[CP] Check Pods Manifest.lock";
			outputFileListPaths = (
			);
			outputPaths = (
				"$(DERIVED_FILE_DIR)/Pods-Car Wash ReminderUITests-checkManifestLockResult.txt",
			);
			runOnlyForDeploymentPostprocessing = 0;
			shellPath = /bin/sh;
			shellScript = "diff \"${PODS_PODFILE_DIR_PATH}/Podfile.lock\" \"${PODS_ROOT}/Manifest.lock\" > /dev/null\nif [ $? != 0 ] ; then\n    # print error to STDERR\n    echo \"error: The sandbox is not in sync with the Podfile.lock. Run 'pod install' or update your CocoaPods installation.\" >&2\n    exit 1\nfi\n# This output is used by Xcode 'outputs' to avoid re-running this script phase.\necho \"SUCCESS\" > \"${SCRIPT_OUTPUT_FILE_0}\"\n";
			showEnvVarsInLog = 0;
		};
/* End PBXShellScriptBuildPhase section */

/* Begin PBXSourcesBuildPhase section */
		B573C710216B80B400754AA6 /* Sources */ = {
			isa = PBXSourcesBuildPhase;
			buildActionMask = 2147483647;
			files = (
				B58A530A216E017E00184750 /* User.swift in Sources */,
				B573C783216B956400754AA6 /* Logic.swift in Sources */,
				B58A530C216E28E100184750 /* Car.swift in Sources */,
				B56DBD79216F720400E0FAFD /* ForecastWeatherData.swift in Sources */,
				B573C718216B80B400754AA6 /* AppDelegate.swift in Sources */,
				B58A5314216E4A7600184750 /* WeatherViewController.swift in Sources */,
				B56DBD75216F71A900E0FAFD /* ForecastViewController.swift in Sources */,
				B58BD94D216C97990049E14F /* HomeViewController.swift in Sources */,
				B56DBD77216F71E500E0FAFD /* WeatherData.swift in Sources */,
				B58A5316216E4A9100184750 /* ChangeCityViewController.swift in Sources */,
			);
			runOnlyForDeploymentPostprocessing = 0;
		};
		B573C724216B80B600754AA6 /* Sources */ = {
			isa = PBXSourcesBuildPhase;
			buildActionMask = 2147483647;
			files = (
				B573C72D216B80B600754AA6 /* Car_Wash_ReminderTests.swift in Sources */,
			);
			runOnlyForDeploymentPostprocessing = 0;
		};
		B573C72F216B80B600754AA6 /* Sources */ = {
			isa = PBXSourcesBuildPhase;
			buildActionMask = 2147483647;
			files = (
				B573C738216B80B600754AA6 /* Car_Wash_ReminderUITests.swift in Sources */,
			);
			runOnlyForDeploymentPostprocessing = 0;
		};
/* End PBXSourcesBuildPhase section */

/* Begin PBXTargetDependency section */
		B573C72A216B80B600754AA6 /* PBXTargetDependency */ = {
			isa = PBXTargetDependency;
			target = B573C713216B80B400754AA6 /* Car Wash Reminder */;
			targetProxy = B573C729216B80B600754AA6 /* PBXContainerItemProxy */;
		};
		B573C735216B80B600754AA6 /* PBXTargetDependency */ = {
			isa = PBXTargetDependency;
			target = B573C713216B80B400754AA6 /* Car Wash Reminder */;
			targetProxy = B573C734216B80B600754AA6 /* PBXContainerItemProxy */;
		};
/* End PBXTargetDependency section */

/* Begin PBXVariantGroup section */
		B573C71B216B80B400754AA6 /* Main.storyboard */ = {
			isa = PBXVariantGroup;
			children = (
				B573C71C216B80B400754AA6 /* Base */,
			);
			name = Main.storyboard;
			sourceTree = "<group>";
		};
		B573C720216B80B600754AA6 /* LaunchScreen.storyboard */ = {
			isa = PBXVariantGroup;
			children = (
				B573C721216B80B600754AA6 /* Base */,
			);
			name = LaunchScreen.storyboard;
			sourceTree = "<group>";
		};
/* End PBXVariantGroup section */

/* Begin XCBuildConfiguration section */
		B573C73A216B80B600754AA6 /* Debug */ = {
			isa = XCBuildConfiguration;
			buildSettings = {
				ALWAYS_SEARCH_USER_PATHS = NO;
				CLANG_ANALYZER_NONNULL = YES;
				CLANG_ANALYZER_NUMBER_OBJECT_CONVERSION = YES_AGGRESSIVE;
				CLANG_CXX_LANGUAGE_STANDARD = "gnu++14";
				CLANG_CXX_LIBRARY = "libc++";
				CLANG_ENABLE_MODULES = YES;
				CLANG_ENABLE_OBJC_ARC = YES;
				CLANG_ENABLE_OBJC_WEAK = YES;
				CLANG_WARN_BLOCK_CAPTURE_AUTORELEASING = YES;
				CLANG_WARN_BOOL_CONVERSION = YES;
				CLANG_WARN_COMMA = YES;
				CLANG_WARN_CONSTANT_CONVERSION = YES;
				CLANG_WARN_DEPRECATED_OBJC_IMPLEMENTATIONS = YES;
				CLANG_WARN_DIRECT_OBJC_ISA_USAGE = YES_ERROR;
				CLANG_WARN_DOCUMENTATION_COMMENTS = YES;
				CLANG_WARN_EMPTY_BODY = YES;
				CLANG_WARN_ENUM_CONVERSION = YES;
				CLANG_WARN_INFINITE_RECURSION = YES;
				CLANG_WARN_INT_CONVERSION = YES;
				CLANG_WARN_NON_LITERAL_NULL_CONVERSION = YES;
				CLANG_WARN_OBJC_IMPLICIT_RETAIN_SELF = YES;
				CLANG_WARN_OBJC_LITERAL_CONVERSION = YES;
				CLANG_WARN_OBJC_ROOT_CLASS = YES_ERROR;
				CLANG_WARN_RANGE_LOOP_ANALYSIS = YES;
				CLANG_WARN_STRICT_PROTOTYPES = YES;
				CLANG_WARN_SUSPICIOUS_MOVE = YES;
				CLANG_WARN_UNGUARDED_AVAILABILITY = YES_AGGRESSIVE;
				CLANG_WARN_UNREACHABLE_CODE = YES;
				CLANG_WARN__DUPLICATE_METHOD_MATCH = YES;
				CODE_SIGN_IDENTITY = "iPhone Developer";
				COPY_PHASE_STRIP = NO;
				DEBUG_INFORMATION_FORMAT = dwarf;
				ENABLE_STRICT_OBJC_MSGSEND = YES;
				ENABLE_TESTABILITY = YES;
				GCC_C_LANGUAGE_STANDARD = gnu11;
				GCC_DYNAMIC_NO_PIC = NO;
				GCC_NO_COMMON_BLOCKS = YES;
				GCC_OPTIMIZATION_LEVEL = 0;
				GCC_PREPROCESSOR_DEFINITIONS = (
					"DEBUG=1",
					"$(inherited)",
				);
				GCC_WARN_64_TO_32_BIT_CONVERSION = YES;
				GCC_WARN_ABOUT_RETURN_TYPE = YES_ERROR;
				GCC_WARN_UNDECLARED_SELECTOR = YES;
				GCC_WARN_UNINITIALIZED_AUTOS = YES_AGGRESSIVE;
				GCC_WARN_UNUSED_FUNCTION = YES;
				GCC_WARN_UNUSED_VARIABLE = YES;
				IPHONEOS_DEPLOYMENT_TARGET = 12.0;
				MTL_ENABLE_DEBUG_INFO = INCLUDE_SOURCE;
				MTL_FAST_MATH = YES;
				ONLY_ACTIVE_ARCH = YES;
				SDKROOT = iphoneos;
				SWIFT_ACTIVE_COMPILATION_CONDITIONS = DEBUG;
				SWIFT_OPTIMIZATION_LEVEL = "-Onone";
			};
			name = Debug;
		};
		B573C73B216B80B600754AA6 /* Release */ = {
			isa = XCBuildConfiguration;
			buildSettings = {
				ALWAYS_SEARCH_USER_PATHS = NO;
				CLANG_ANALYZER_NONNULL = YES;
				CLANG_ANALYZER_NUMBER_OBJECT_CONVERSION = YES_AGGRESSIVE;
				CLANG_CXX_LANGUAGE_STANDARD = "gnu++14";
				CLANG_CXX_LIBRARY = "libc++";
				CLANG_ENABLE_MODULES = YES;
				CLANG_ENABLE_OBJC_ARC = YES;
				CLANG_ENABLE_OBJC_WEAK = YES;
				CLANG_WARN_BLOCK_CAPTURE_AUTORELEASING = YES;
				CLANG_WARN_BOOL_CONVERSION = YES;
				CLANG_WARN_COMMA = YES;
				CLANG_WARN_CONSTANT_CONVERSION = YES;
				CLANG_WARN_DEPRECATED_OBJC_IMPLEMENTATIONS = YES;
				CLANG_WARN_DIRECT_OBJC_ISA_USAGE = YES_ERROR;
				CLANG_WARN_DOCUMENTATION_COMMENTS = YES;
				CLANG_WARN_EMPTY_BODY = YES;
				CLANG_WARN_ENUM_CONVERSION = YES;
				CLANG_WARN_INFINITE_RECURSION = YES;
				CLANG_WARN_INT_CONVERSION = YES;
				CLANG_WARN_NON_LITERAL_NULL_CONVERSION = YES;
				CLANG_WARN_OBJC_IMPLICIT_RETAIN_SELF = YES;
				CLANG_WARN_OBJC_LITERAL_CONVERSION = YES;
				CLANG_WARN_OBJC_ROOT_CLASS = YES_ERROR;
				CLANG_WARN_RANGE_LOOP_ANALYSIS = YES;
				CLANG_WARN_STRICT_PROTOTYPES = YES;
				CLANG_WARN_SUSPICIOUS_MOVE = YES;
				CLANG_WARN_UNGUARDED_AVAILABILITY = YES_AGGRESSIVE;
				CLANG_WARN_UNREACHABLE_CODE = YES;
				CLANG_WARN__DUPLICATE_METHOD_MATCH = YES;
				CODE_SIGN_IDENTITY = "iPhone Developer";
				COPY_PHASE_STRIP = NO;
				DEBUG_INFORMATION_FORMAT = "dwarf-with-dsym";
				ENABLE_NS_ASSERTIONS = NO;
				ENABLE_STRICT_OBJC_MSGSEND = YES;
				GCC_C_LANGUAGE_STANDARD = gnu11;
				GCC_NO_COMMON_BLOCKS = YES;
				GCC_WARN_64_TO_32_BIT_CONVERSION = YES;
				GCC_WARN_ABOUT_RETURN_TYPE = YES_ERROR;
				GCC_WARN_UNDECLARED_SELECTOR = YES;
				GCC_WARN_UNINITIALIZED_AUTOS = YES_AGGRESSIVE;
				GCC_WARN_UNUSED_FUNCTION = YES;
				GCC_WARN_UNUSED_VARIABLE = YES;
				IPHONEOS_DEPLOYMENT_TARGET = 12.0;
				MTL_ENABLE_DEBUG_INFO = NO;
				MTL_FAST_MATH = YES;
				SDKROOT = iphoneos;
				SWIFT_COMPILATION_MODE = wholemodule;
				SWIFT_OPTIMIZATION_LEVEL = "-O";
				VALIDATE_PRODUCT = YES;
			};
			name = Release;
		};
		B573C73D216B80B600754AA6 /* Debug */ = {
			isa = XCBuildConfiguration;
			baseConfigurationReference = 027F4229EE15C767E3CA2EE1 /* Pods-Car Wash Reminder.debug.xcconfig */;
			buildSettings = {
				ASSETCATALOG_COMPILER_APPICON_NAME = AppIcon;
				CODE_SIGN_STYLE = Automatic;
				DEVELOPMENT_TEAM = D4M6BKZ2Z7;
				INFOPLIST_FILE = "Car Wash Reminder/Info.plist";
				LD_RUNPATH_SEARCH_PATHS = (
					"$(inherited)",
					"@executable_path/Frameworks",
				);
				PRODUCT_BUNDLE_IDENTIFIER = "hannaostling.Car-Wash-Reminder";
				PRODUCT_NAME = "$(TARGET_NAME)";
				SWIFT_VERSION = 4.2;
				TARGETED_DEVICE_FAMILY = "1,2";
			};
			name = Debug;
		};
		B573C73E216B80B600754AA6 /* Release */ = {
			isa = XCBuildConfiguration;
			baseConfigurationReference = D45007274A484B8866021403 /* Pods-Car Wash Reminder.release.xcconfig */;
			buildSettings = {
				ASSETCATALOG_COMPILER_APPICON_NAME = AppIcon;
				CODE_SIGN_STYLE = Automatic;
				DEVELOPMENT_TEAM = D4M6BKZ2Z7;
				INFOPLIST_FILE = "Car Wash Reminder/Info.plist";
				LD_RUNPATH_SEARCH_PATHS = (
					"$(inherited)",
					"@executable_path/Frameworks",
				);
				PRODUCT_BUNDLE_IDENTIFIER = "hannaostling.Car-Wash-Reminder";
				PRODUCT_NAME = "$(TARGET_NAME)";
				SWIFT_VERSION = 4.2;
				TARGETED_DEVICE_FAMILY = "1,2";
			};
			name = Release;
		};
		B573C740216B80B600754AA6 /* Debug */ = {
			isa = XCBuildConfiguration;
			baseConfigurationReference = 62B9C87CB4391E391BA2A4B7 /* Pods-Car Wash ReminderTests.debug.xcconfig */;
			buildSettings = {
				ALWAYS_EMBED_SWIFT_STANDARD_LIBRARIES = YES;
				BUNDLE_LOADER = "$(TEST_HOST)";
				CODE_SIGN_STYLE = Automatic;
				DEVELOPMENT_TEAM = D4M6BKZ2Z7;
				INFOPLIST_FILE = "Car Wash ReminderTests/Info.plist";
				LD_RUNPATH_SEARCH_PATHS = (
					"$(inherited)",
					"@executable_path/Frameworks",
					"@loader_path/Frameworks",
				);
				PRODUCT_BUNDLE_IDENTIFIER = "hannaostling.Car-Wash-ReminderTests";
				PRODUCT_NAME = "$(TARGET_NAME)";
				SWIFT_VERSION = 4.2;
				TARGETED_DEVICE_FAMILY = "1,2";
				TEST_HOST = "$(BUILT_PRODUCTS_DIR)/Car Wash Reminder.app/Car Wash Reminder";
			};
			name = Debug;
		};
		B573C741216B80B600754AA6 /* Release */ = {
			isa = XCBuildConfiguration;
			baseConfigurationReference = 69B94CEC089AB79552191862 /* Pods-Car Wash ReminderTests.release.xcconfig */;
			buildSettings = {
				ALWAYS_EMBED_SWIFT_STANDARD_LIBRARIES = YES;
				BUNDLE_LOADER = "$(TEST_HOST)";
				CODE_SIGN_STYLE = Automatic;
				DEVELOPMENT_TEAM = D4M6BKZ2Z7;
				INFOPLIST_FILE = "Car Wash ReminderTests/Info.plist";
				LD_RUNPATH_SEARCH_PATHS = (
					"$(inherited)",
					"@executable_path/Frameworks",
					"@loader_path/Frameworks",
				);
				PRODUCT_BUNDLE_IDENTIFIER = "hannaostling.Car-Wash-ReminderTests";
				PRODUCT_NAME = "$(TARGET_NAME)";
				SWIFT_VERSION = 4.2;
				TARGETED_DEVICE_FAMILY = "1,2";
				TEST_HOST = "$(BUILT_PRODUCTS_DIR)/Car Wash Reminder.app/Car Wash Reminder";
			};
			name = Release;
		};
		B573C743216B80B600754AA6 /* Debug */ = {
			isa = XCBuildConfiguration;
			baseConfigurationReference = FC503CB61166EA8EBE291821 /* Pods-Car Wash ReminderUITests.debug.xcconfig */;
			buildSettings = {
				ALWAYS_EMBED_SWIFT_STANDARD_LIBRARIES = YES;
				CODE_SIGN_STYLE = Automatic;
				DEVELOPMENT_TEAM = D4M6BKZ2Z7;
				INFOPLIST_FILE = "Car Wash ReminderUITests/Info.plist";
				LD_RUNPATH_SEARCH_PATHS = (
					"$(inherited)",
					"@executable_path/Frameworks",
					"@loader_path/Frameworks",
				);
				PRODUCT_BUNDLE_IDENTIFIER = "hannaostling.Car-Wash-ReminderUITests";
				PRODUCT_NAME = "$(TARGET_NAME)";
				SWIFT_VERSION = 4.2;
				TARGETED_DEVICE_FAMILY = "1,2";
				TEST_TARGET_NAME = "Car Wash Reminder";
			};
			name = Debug;
		};
		B573C744216B80B600754AA6 /* Release */ = {
			isa = XCBuildConfiguration;
			baseConfigurationReference = 3E1DC38F8E59E77631F7ECA6 /* Pods-Car Wash ReminderUITests.release.xcconfig */;
			buildSettings = {
				ALWAYS_EMBED_SWIFT_STANDARD_LIBRARIES = YES;
				CODE_SIGN_STYLE = Automatic;
				DEVELOPMENT_TEAM = D4M6BKZ2Z7;
				INFOPLIST_FILE = "Car Wash ReminderUITests/Info.plist";
				LD_RUNPATH_SEARCH_PATHS = (
					"$(inherited)",
					"@executable_path/Frameworks",
					"@loader_path/Frameworks",
				);
				PRODUCT_BUNDLE_IDENTIFIER = "hannaostling.Car-Wash-ReminderUITests";
				PRODUCT_NAME = "$(TARGET_NAME)";
				SWIFT_VERSION = 4.2;
				TARGETED_DEVICE_FAMILY = "1,2";
				TEST_TARGET_NAME = "Car Wash Reminder";
			};
			name = Release;
		};
/* End XCBuildConfiguration section */

/* Begin XCConfigurationList section */
		B573C70F216B80B400754AA6 /* Build configuration list for PBXProject "Car Wash Reminder" */ = {
			isa = XCConfigurationList;
			buildConfigurations = (
				B573C73A216B80B600754AA6 /* Debug */,
				B573C73B216B80B600754AA6 /* Release */,
			);
			defaultConfigurationIsVisible = 0;
			defaultConfigurationName = Release;
		};
		B573C73C216B80B600754AA6 /* Build configuration list for PBXNativeTarget "Car Wash Reminder" */ = {
			isa = XCConfigurationList;
			buildConfigurations = (
				B573C73D216B80B600754AA6 /* Debug */,
				B573C73E216B80B600754AA6 /* Release */,
			);
			defaultConfigurationIsVisible = 0;
			defaultConfigurationName = Release;
		};
		B573C73F216B80B600754AA6 /* Build configuration list for PBXNativeTarget "Car Wash ReminderTests" */ = {
			isa = XCConfigurationList;
			buildConfigurations = (
				B573C740216B80B600754AA6 /* Debug */,
				B573C741216B80B600754AA6 /* Release */,
			);
			defaultConfigurationIsVisible = 0;
			defaultConfigurationName = Release;
		};
		B573C742216B80B600754AA6 /* Build configuration list for PBXNativeTarget "Car Wash ReminderUITests" */ = {
			isa = XCConfigurationList;
			buildConfigurations = (
				B573C743216B80B600754AA6 /* Debug */,
				B573C744216B80B600754AA6 /* Release */,
			);
			defaultConfigurationIsVisible = 0;
			defaultConfigurationName = Release;
		};
/* End XCConfigurationList section */
	};
	rootObject = B573C70C216B80B400754AA6 /* Project object */;
}
